{
  "requires": true,
  "lockfileVersion": 1,
  "dependencies": {
    "datatables.net": {
      "version": "1.10.24",
      "resolved": "https://registry.npmjs.org/datatables.net/-/datatables.net-1.10.24.tgz",
      "integrity": "sha512-CwXixvOdinvBCLXvcTloDinWiEM7Geaz+GwyjPrZL+MXIGPcLv4Op1bbWn8ErsI1JWMIWC8Cuf1rnDU2RrFV5w==",
      "requires": {
        "jquery": ">=1.7"
      }
    },
    "datatables.net-dt": {
      "version": "1.10.24",
      "resolved": "https://registry.npmjs.org/datatables.net-dt/-/datatables.net-dt-1.10.24.tgz",
      "integrity": "sha512-O7c/Fhqz9hZG8LkXLr9k3M2rZPFjqY6tylOnFl3UaTZfBp5TeCc1AXZbFmv3Y7aNkcNS2UVJRiYAk7bkQhxR+w==",
      "requires": {
        "datatables.net": "1.10.24",
        "jquery": ">=1.7"
      }
    },
    "jquery": {
      "version": "3.6.0",
      "resolved": "https://registry.npmjs.org/jquery/-/jquery-3.6.0.tgz",
      "integrity": "sha512-JVzAR/AjBvVt2BmYhxRCSYysDsPcssdmTFnzyLEts9qNwmjmu4JTAMYubEfwVOSwpQ1I1sKKFcxhZCI2buerfw=="
    }
  }
}
